
Microsoft Visual Studio Solution File, Format Version 12.00
# Visual Studio Version 17
VisualStudioVersion = 17.4.33213.308
MinimumVisualStudioVersion = 10.0.40219.1
Project("{FAE04EC0-301F-11D3-BF4B-00C04F79EFBC}") = "第一題", "第一題\第一題.csproj", "{7C4C67CC-15F0-4750-856F-1598753340BA}"
EndProject
Project("{FAE04EC0-301F-11D3-BF4B-00C04F79EFBC}") = "第二題", "第二題\第二題.csproj", "{A0B2D9A2-5F94-4729-9811-8746D1E99833}"
EndProject
Global
	GlobalSection(SolutionConfigurationPlatforms) = preSolution
		Debug|Any CPU = Debug|Any CPU
		Release|Any CPU = Release|Any CPU
	EndGlobalSection
	GlobalSection(ProjectConfigurationPlatforms) = postSolution
		{7C4C67CC-15F0-4750-856F-1598753340BA}.Debug|Any CPU.ActiveCfg = Debug|Any CPU
		{7C4C67CC-15F0-4750-856F-1598753340BA}.Debug|Any CPU.Build.0 = Debug|Any CPU
		{7C4C67CC-15F0-4750-856F-1598753340BA}.Release|Any CPU.ActiveCfg = Release|Any CPU
		{7C4C67CC-15F0-4750-856F-1598753340BA}.Release|Any CPU.Build.0 = Release|Any CPU
		{A0B2D9A2-5F94-4729-9811-8746D1E99833}.Debug|Any CPU.ActiveCfg = Debug|Any CPU
		{A0B2D9A2-5F94-4729-9811-8746D1E99833}.Debug|Any CPU.Build.0 = Debug|Any CPU
		{A0B2D9A2-5F94-4729-9811-8746D1E99833}.Release|Any CPU.ActiveCfg = Release|Any CPU
		{A0B2D9A2-5F94-4729-9811-8746D1E99833}.Release|Any CPU.Build.0 = Release|Any CPU
	EndGlobalSection
	GlobalSection(SolutionProperties) = preSolution
		HideSolutionNode = FALSE
	EndGlobalSection
	GlobalSection(ExtensibilityGlobals) = postSolution
		SolutionGuid = {AAE2C98A-2AFF-4B18-9017-38E811F1A143}
	EndGlobalSection
EndGlobal
